// !$*UTF8*$!
{
	archiveVersion = 1;
	classes = {
	};
	objectVersion = 77;
	objects = {

/* Begin PBXBuildFile section */
		B10206132E07050200088767 /* MEUI in Frameworks */ = {isa = PBXBuildFile; productRef = B10206122E07050200088767 /* MEUI */; };
/* End PBXBuildFile section */

/* Begin PBXContainerItemProxy section */
		B10205EE2E0704AE00088767 /* PBXContainerItemProxy */ = {
			isa = PBXContainerItemProxy;
			containerPortal = B10205D82E0704AC00088767 /* Project object */;
			proxyType = 1;
			remoteGlobalIDString = B10205DF2E0704AC00088767;
			remoteInfo = "BTC Radar";
		};
		B10205F82E0704AE00088767 /* PBXContainerItemProxy */ = {
			isa = PBXContainerItemProxy;
			containerPortal = B10205D82E0704AC00088767 /* Project object */;
			proxyType = 1;
			remoteGlobalIDString = B10205DF2E0704AC00088767;
			remoteInfo = "BTC Radar";
		};
/* End PBXContainerItemProxy section */

/* Begin PBXFileReference section */
		B10205E02E0704AC00088767 /* BTC Radar.app */ = {isa = PBXFileReference; explicitFileType = wrapper.application; includeInIndex = 0; path = "BTC Radar.app"; sourceTree = BUILT_PRODUCTS_DIR; };
		B10205ED2E0704AE00088767 /* BTC RadarTests.xctest */ = {isa = PBXFileReference; explicitFileType = wrapper.cfbundle; includeInIndex = 0; path = "BTC RadarTests.xctest"; sourceTree = BUILT_PRODUCTS_DIR; };
		B10205F72E0704AE00088767 /* BTC RadarUITests.xctest */ = {isa = PBXFileReference; explicitFileType = wrapper.cfbundle; includeInIndex = 0; path = "BTC RadarUITests.xctest"; sourceTree = BUILT_PRODUCTS_DIR; };
		B10206102E0704F300088767 /* MEFramework */ = {isa = PBXFileReference; lastKnownFileType = wrapper; path = MEFramework; sourceTree = "<group>"; };
/* End PBXFileReference section */

/* Begin PBXFileSystemSynchronizedRootGroup section */
		B10205E22E0704AC00088767 /* BTC Radar */ = {
			isa = PBXFileSystemSynchronizedRootGroup;
			path = "BTC Radar";
			sourceTree = "<group>";
		};
		B10205F02E0704AE00088767 /* BTC RadarTests */ = {
			isa = PBXFileSystemSynchronizedRootGroup;
			path = "BTC RadarTests";
			sourceTree = "<group>";
		};
		B10205FA2E0704AE00088767 /* BTC RadarUITests */ = {
			isa = PBXFileSystemSynchronizedRootGroup;
			path = "BTC RadarUITests";
			sourceTree = "<group>";
		};
/* End PBXFileSystemSynchronizedRootGroup section */

/* Begin PBXFrameworksBuildPhase section */
		B10205DD2E0704AC00088767 /* Frameworks */ = {
			isa = PBXFrameworksBuildPhase;
			buildActionMask = 2147483647;
			files = (
				B10206132E07050200088767 /* MEUI in Frameworks */,
			);
			runOnlyForDeploymentPostprocessing = 0;
		};
		B10205EA2E0704AE00088767 /* Frameworks */ = {
			isa = PBXFrameworksBuildPhase;
			buildActionMask = 2147483647;
			files = (
			);
			runOnlyForDeploymentPostprocessing = 0;
		};
		B10205F42E0704AE00088767 /* Frameworks */ = {
			isa = PBXFrameworksBuildPhase;
			buildActionMask = 2147483647;
			files = (
			);
			runOnlyForDeploymentPostprocessing = 0;
		};
/* End PBXFrameworksBuildPhase section */

/* Begin PBXGroup section */
		B10205D72E0704AC00088767 = {
			isa = PBXGroup;
			children = (
				B10206102E0704F300088767 /* MEFramework */,
				B10205E22E0704AC00088767 /* BTC Radar */,
				B10205F02E0704AE00088767 /* BTC RadarTests */,
				B10205FA2E0704AE00088767 /* BTC RadarUITests */,
				B10206112E07050200088767 /* Frameworks */,
				B10205E12E0704AC00088767 /* Products */,
			);
			sourceTree = "<group>";
		};
		B10205E12E0704AC00088767 /* Products */ = {
			isa = PBXGroup;
			children = (
				B10205E02E0704AC00088767 /* BTC Radar.app */,
				B10205ED2E0704AE00088767 /* BTC RadarTests.xctest */,
				B10205F72E0704AE00088767 /* BTC RadarUITests.xctest */,
			);
			name = Products;
			sourceTree = "<group>";
		};
		B10206112E07050200088767 /* Frameworks */ = {
			isa = PBXGroup;
			children = (
			);
			name = Frameworks;
			sourceTree = "<group>";
		};
/* End PBXGroup section */

/* Begin PBXNativeTarget section */
		B10205DF2E0704AC00088767 /* BTC Radar */ = {
			isa = PBXNativeTarget;
			buildConfigurationList = B10206012E0704AE00088767 /* Build configuration list for PBXNativeTarget "BTC Radar" */;
			buildPhases = (
				B10205DC2E0704AC00088767 /* Sources */,
				B10205DD2E0704AC00088767 /* Frameworks */,
				B10205DE2E0704AC00088767 /* Resources */,
			);
			buildRules = (
			);
			dependencies = (
			);
			fileSystemSynchronizedGroups = (
				B10205E22E0704AC00088767 /* BTC Radar */,
			);
			name = "BTC Radar";
			packageProductDependencies = (
				B10206122E07050200088767 /* MEUI */,
			);
			productName = "BTC Radar";
			productReference = B10205E02E0704AC00088767 /* BTC Radar.app */;
			productType = "com.apple.product-type.application";
		};
		B10205EC2E0704AE00088767 /* BTC RadarTests */ = {
			isa = PBXNativeTarget;
			buildConfigurationList = B10206042E0704AE00088767 /* Build configuration list for PBXNativeTarget "BTC RadarTests" */;
			buildPhases = (
				B10205E92E0704AE00088767 /* Sources */,
				B10205EA2E0704AE00088767 /* Frameworks */,
				B10205EB2E0704AE00088767 /* Resources */,
			);
			buildRules = (
			);
			dependencies = (
				B10205EF2E0704AE00088767 /* PBXTargetDependency */,
			);
			fileSystemSynchronizedGroups = (
				B10205F02E0704AE00088767 /* BTC RadarTests */,
			);
			name = "BTC RadarTests";
			packageProductDependencies = (
			);
			productName = "BTC RadarTests";
			productReference = B10205ED2E0704AE00088767 /* BTC RadarTests.xctest */;
			productType = "com.apple.product-type.bundle.unit-test";
		};
		B10205F62E0704AE00088767 /* BTC RadarUITests */ = {
			isa = PBXNativeTarget;
			buildConfigurationList = B10206072E0704AE00088767 /* Build configuration list for PBXNativeTarget "BTC RadarUITests" */;
			buildPhases = (
				B10205F32E0704AE00088767 /* Sources */,
				B10205F42E0704AE00088767 /* Frameworks */,
				B10205F52E0704AE00088767 /* Resources */,
			);
			buildRules = (
			);
			dependencies = (
				B10205F92E0704AE00088767 /* PBXTargetDependency */,
			);
			fileSystemSynchronizedGroups = (
				B10205FA2E0704AE00088767 /* BTC RadarUITests */,
			);
			name = "BTC RadarUITests";
			packageProductDependencies = (
			);
			productName = "BTC RadarUITests";
			productReference = B10205F72E0704AE00088767 /* BTC RadarUITests.xctest */;
			productType = "com.apple.product-type.bundle.ui-testing";
		};
/* End PBXNativeTarget section */

/* Begin PBXProject section */
		B10205D82E0704AC00088767 /* Project object */ = {
			isa = PBXProject;
			attributes = {
				BuildIndependentTargetsInParallel = 1;
				LastSwiftUpdateCheck = 1640;
				LastUpgradeCheck = 1640;
				TargetAttributes = {
					B10205DF2E0704AC00088767 = {
						CreatedOnToolsVersion = 16.4;
					};
					B10205EC2E0704AE00088767 = {
						CreatedOnToolsVersion = 16.4;
						TestTargetID = B10205DF2E0704AC00088767;
					};
					B10205F62E0704AE00088767 = {
						CreatedOnToolsVersion = 16.4;
						TestTargetID = B10205DF2E0704AC00088767;
					};
				};
			};
			buildConfigurationList = B10205DB2E0704AC00088767 /* Build configuration list for PBXProject "BTC Radar" */;
			developmentRegion = en;
			hasScannedForEncodings = 0;
			knownRegions = (
				en,
				Base,
			);
			mainGroup = B10205D72E0704AC00088767;
			minimizedProjectReferenceProxies = 1;
			preferredProjectObjectVersion = 77;
			productRefGroup = B10205E12E0704AC00088767 /* Products */;
			projectDirPath = "";
			projectRoot = "";
			targets = (
				B10205DF2E0704AC00088767 /* BTC Radar */,
				B10205EC2E0704AE00088767 /* BTC RadarTests */,
				B10205F62E0704AE00088767 /* BTC RadarUITests */,
			);
		};
/* End PBXProject section */

/* Begin PBXResourcesBuildPhase section */
		B10205DE2E0704AC00088767 /* Resources */ = {
			isa = PBXResourcesBuildPhase;
			buildActionMask = 2147483647;
			files = (
			);
			runOnlyForDeploymentPostprocessing = 0;
		};
		B10205EB2E0704AE00088767 /* Resources */ = {
			isa = PBXResourcesBuildPhase;
			buildActionMask = 2147483647;
			files = (
			);
			runOnlyForDeploymentPostprocessing = 0;
		};
		B10205F52E0704AE00088767 /* Resources */ = {
			isa = PBXResourcesBuildPhase;
			buildActionMask = 2147483647;
			files = (
			);
			runOnlyForDeploymentPostprocessing = 0;
		};
/* End PBXResourcesBuildPhase section */

/* Begin PBXSourcesBuildPhase section */
		B10205DC2E0704AC00088767 /* Sources */ = {
			isa = PBXSourcesBuildPhase;
			buildActionMask = 2147483647;
			files = (
			);
			runOnlyForDeploymentPostprocessing = 0;
		};
		B10205E92E0704AE00088767 /* Sources */ = {
			isa = PBXSourcesBuildPhase;
			buildActionMask = 2147483647;
			files = (
			);
			runOnlyForDeploymentPostprocessing = 0;
		};
		B10205F32E0704AE00088767 /* Sources */ = {
			isa = PBXSourcesBuildPhase;
			buildActionMask = 2147483647;
			files = (
			);
			runOnlyForDeploymentPostprocessing = 0;
		};
/* End PBXSourcesBuildPhase section */

/* Begin PBXTargetDependency section */
		B10205EF2E0704AE00088767 /* PBXTargetDependency */ = {
			isa = PBXTargetDependency;
			target = B10205DF2E0704AC00088767 /* BTC Radar */;
			targetProxy = B10205EE2E0704AE00088767 /* PBXContainerItemProxy */;
		};
		B10205F92E0704AE00088767 /* PBXTargetDependency */ = {
			isa = PBXTargetDependency;
			target = B10205DF2E0704AC00088767 /* BTC Radar */;
			targetProxy = B10205F82E0704AE00088767 /* PBXContainerItemProxy */;
		};
/* End PBXTargetDependency section */

/* Begin XCBuildConfiguration section */
		B10205FF2E0704AE00088767 /* Debug */ = {
			isa = XCBuildConfiguration;
			buildSettings = {
				ALWAYS_SEARCH_USER_PATHS = NO;
				ASSETCATALOG_COMPILER_GENERATE_SWIFT_ASSET_SYMBOL_EXTENSIONS = YES;
				CLANG_ANALYZER_NONNULL = YES;
				CLANG_ANALYZER_NUMBER_OBJECT_CONVERSION = YES_AGGRESSIVE;
				CLANG_CXX_LANGUAGE_STANDARD = "gnu++20";
				CLANG_ENABLE_MODULES = YES;
				CLANG_ENABLE_OBJC_ARC = YES;
				CLANG_ENABLE_OBJC_WEAK = YES;
				CLANG_WARN_BLOCK_CAPTURE_AUTORELEASING = YES;
				CLANG_WARN_BOOL_CONVERSION = YES;
				CLANG_WARN_COMMA = YES;
				CLANG_WARN_CONSTANT_CONVERSION = YES;
				CLANG_WARN_DEPRECATED_OBJC_IMPLEMENTATIONS = YES;
				CLANG_WARN_DIRECT_OBJC_ISA_USAGE = YES_ERROR;
				CLANG_WARN_DOCUMENTATION_COMMENTS = YES;
				CLANG_WARN_EMPTY_BODY = YES;
				CLANG_WARN_ENUM_CONVERSION = YES;
				CLANG_WARN_INFINITE_RECURSION = YES;
				CLANG_WARN_INT_CONVERSION = YES;
				CLANG_WARN_NON_LITERAL_NULL_CONVERSION = YES;
				CLANG_WARN_OBJC_IMPLICIT_RETAIN_SELF = YES;
				CLANG_WARN_OBJC_LITERAL_CONVERSION = YES;
				CLANG_WARN_OBJC_ROOT_CLASS = YES_ERROR;
				CLANG_WARN_QUOTED_INCLUDE_IN_FRAMEWORK_HEADER = YES;
				CLANG_WARN_RANGE_LOOP_ANALYSIS = YES;
				CLANG_WARN_STRICT_PROTOTYPES = YES;
				CLANG_WARN_SUSPICIOUS_MOVE = YES;
				CLANG_WARN_UNGUARDED_AVAILABILITY = YES_AGGRESSIVE;
				CLANG_WARN_UNREACHABLE_CODE = YES;
				CLANG_WARN__DUPLICATE_METHOD_MATCH = YES;
				COPY_PHASE_STRIP = NO;
				DEBUG_INFORMATION_FORMAT = dwarf;
				ENABLE_STRICT_OBJC_MSGSEND = YES;
				ENABLE_TESTABILITY = YES;
				ENABLE_USER_SCRIPT_SANDBOXING = YES;
				GCC_C_LANGUAGE_STANDARD = gnu17;
				GCC_DYNAMIC_NO_PIC = NO;
				GCC_NO_COMMON_BLOCKS = YES;
				GCC_OPTIMIZATION_LEVEL = 0;
				GCC_PREPROCESSOR_DEFINITIONS = (
					"DEBUG=1",
					"$(inherited)",
				);
				GCC_WARN_64_TO_32_BIT_CONVERSION = YES;
				GCC_WARN_ABOUT_RETURN_TYPE = YES_ERROR;
				GCC_WARN_UNDECLARED_SELECTOR = YES;
				GCC_WARN_UNINITIALIZED_AUTOS = YES_AGGRESSIVE;
				GCC_WARN_UNUSED_FUNCTION = YES;
				GCC_WARN_UNUSED_VARIABLE = YES;
				IPHONEOS_DEPLOYMENT_TARGET = 18.5;
				LOCALIZATION_PREFERS_STRING_CATALOGS = YES;
				MTL_ENABLE_DEBUG_INFO = INCLUDE_SOURCE;
				MTL_FAST_MATH = YES;
				ONLY_ACTIVE_ARCH = YES;
				SDKROOT = iphoneos;
				SWIFT_ACTIVE_COMPILATION_CONDITIONS = "DEBUG $(inherited)";
				SWIFT_OPTIMIZATION_LEVEL = "-Onone";
			};
			name = Debug;
		};
		B10206002E0704AE00088767 /* Release */ = {
			isa = XCBuildConfiguration;
			buildSettings = {
				ALWAYS_SEARCH_USER_PATHS = NO;
				ASSETCATALOG_COMPILER_GENERATE_SWIFT_ASSET_SYMBOL_EXTENSIONS = YES;
				CLANG_ANALYZER_NONNULL = YES;
				CLANG_ANALYZER_NUMBER_OBJECT_CONVERSION = YES_AGGRESSIVE;
				CLANG_CXX_LANGUAGE_STANDARD = "gnu++20";
				CLANG_ENABLE_MODULES = YES;
				CLANG_ENABLE_OBJC_ARC = YES;
				CLANG_ENABLE_OBJC_WEAK = YES;
				CLANG_WARN_BLOCK_CAPTURE_AUTORELEASING = YES;
				CLANG_WARN_BOOL_CONVERSION = YES;
				CLANG_WARN_COMMA = YES;
				CLANG_WARN_CONSTANT_CONVERSION = YES;
				CLANG_WARN_DEPRECATED_OBJC_IMPLEMENTATIONS = YES;
				CLANG_WARN_DIRECT_OBJC_ISA_USAGE = YES_ERROR;
				CLANG_WARN_DOCUMENTATION_COMMENTS = YES;
				CLANG_WARN_EMPTY_BODY = YES;
				CLANG_WARN_ENUM_CONVERSION = YES;
				CLANG_WARN_INFINITE_RECURSION = YES;
				CLANG_WARN_INT_CONVERSION = YES;
				CLANG_WARN_NON_LITERAL_NULL_CONVERSION = YES;
				CLANG_WARN_OBJC_IMPLICIT_RETAIN_SELF = YES;
				CLANG_WARN_OBJC_LITERAL_CONVERSION = YES;
				CLANG_WARN_OBJC_ROOT_CLASS = YES_ERROR;
				CLANG_WARN_QUOTED_INCLUDE_IN_FRAMEWORK_HEADER = YES;
				CLANG_WARN_RANGE_LOOP_ANALYSIS = YES;
				CLANG_WARN_STRICT_PROTOTYPES = YES;
				CLANG_WARN_SUSPICIOUS_MOVE = YES;
				CLANG_WARN_UNGUARDED_AVAILABILITY = YES_AGGRESSIVE;
				CLANG_WARN_UNREACHABLE_CODE = YES;
				CLANG_WARN__DUPLICATE_METHOD_MATCH = YES;
				COPY_PHASE_STRIP = NO;
				DEBUG_INFORMATION_FORMAT = "dwarf-with-dsym";
				ENABLE_NS_ASSERTIONS = NO;
				ENABLE_STRICT_OBJC_MSGSEND = YES;
				ENABLE_USER_SCRIPT_SANDBOXING = YES;
				GCC_C_LANGUAGE_STANDARD = gnu17;
				GCC_NO_COMMON_BLOCKS = YES;
				GCC_WARN_64_TO_32_BIT_CONVERSION = YES;
				GCC_WARN_ABOUT_RETURN_TYPE = YES_ERROR;
				GCC_WARN_UNDECLARED_SELECTOR = YES;
				GCC_WARN_UNINITIALIZED_AUTOS = YES_AGGRESSIVE;
				GCC_WARN_UNUSED_FUNCTION = YES;
				GCC_WARN_UNUSED_VARIABLE = YES;
				IPHONEOS_DEPLOYMENT_TARGET = 18.5;
				LOCALIZATION_PREFERS_STRING_CATALOGS = YES;
				MTL_ENABLE_DEBUG_INFO = NO;
				MTL_FAST_MATH = YES;
				SDKROOT = iphoneos;
				SWIFT_COMPILATION_MODE = wholemodule;
				VALIDATE_PRODUCT = YES;
			};
			name = Release;
		};
		B10206022E0704AE00088767 /* Debug */ = {
			isa = XCBuildConfiguration;
			buildSettings = {
				ASSETCATALOG_COMPILER_APPICON_NAME = AppIcon;
				ASSETCATALOG_COMPILER_GLOBAL_ACCENT_COLOR_NAME = AccentColor;
				CODE_SIGN_STYLE = Automatic;
				CURRENT_PROJECT_VERSION = 1;
				ENABLE_PREVIEWS = YES;
				GENERATE_INFOPLIST_FILE = YES;
				INFOPLIST_KEY_UIApplicationSceneManifest_Generation = YES;
				INFOPLIST_KEY_UIApplicationSupportsIndirectInputEvents = YES;
				INFOPLIST_KEY_UILaunchScreen_Generation = YES;
				INFOPLIST_KEY_UISupportedInterfaceOrientations_iPad = "UIInterfaceOrientationPortrait UIInterfaceOrientationPortraitUpsideDown UIInterfaceOrientationLandscapeLeft UIInterfaceOrientationLandscapeRight";
				INFOPLIST_KEY_UISupportedInterfaceOrientations_iPhone = "UIInterfaceOrientationPortrait UIInterfaceOrientationLandscapeLeft UIInterfaceOrientationLandscapeRight";
				LD_RUNPATH_SEARCH_PATHS = (
					"$(inherited)",
					"@executable_path/Frameworks",
				);
				MARKETING_VERSION = 1.0;
				PRODUCT_BUNDLE_IDENTIFIER = "com.microeditionbiz.BTC-Radar";
				PRODUCT_NAME = "$(TARGET_NAME)";
				SWIFT_EMIT_LOC_STRINGS = YES;
				SWIFT_VERSION = 5.0;
				TARGETED_DEVICE_FAMILY = "1,2";
			};
			name = Debug;
		};
		B10206032E0704AE00088767 /* Release */ = {
			isa = XCBuildConfiguration;
			buildSettings = {
				ASSETCATALOG_COMPILER_APPICON_NAME = AppIcon;
				ASSETCATALOG_COMPILER_GLOBAL_ACCENT_COLOR_NAME = AccentColor;
				CODE_SIGN_STYLE = Automatic;
				CURRENT_PROJECT_VERSION = 1;
				ENABLE_PREVIEWS = YES;
				GENERATE_INFOPLIST_FILE = YES;
				INFOPLIST_KEY_UIApplicationSceneManifest_Generation = YES;
				INFOPLIST_KEY_UIApplicationSupportsIndirectInputEvents = YES;
				INFOPLIST_KEY_UILaunchScreen_Generation = YES;
				INFOPLIST_KEY_UISupportedInterfaceOrientations_iPad = "UIInterfaceOrientationPortrait UIInterfaceOrientationPortraitUpsideDown UIInterfaceOrientationLandscapeLeft UIInterfaceOrientationLandscapeRight";
				INFOPLIST_KEY_UISupportedInterfaceOrientations_iPhone = "UIInterfaceOrientationPortrait UIInterfaceOrientationLandscapeLeft UIInterfaceOrientationLandscapeRight";
				LD_RUNPATH_SEARCH_PATHS = (
					"$(inherited)",
					"@executable_path/Frameworks",
				);
				MARKETING_VERSION = 1.0;
				PRODUCT_BUNDLE_IDENTIFIER = "com.microeditionbiz.BTC-Radar";
				PRODUCT_NAME = "$(TARGET_NAME)";
				SWIFT_EMIT_LOC_STRINGS = YES;
				SWIFT_VERSION = 5.0;
				TARGETED_DEVICE_FAMILY = "1,2";
			};
			name = Release;
		};
		B10206052E0704AE00088767 /* Debug */ = {
			isa = XCBuildConfiguration;
			buildSettings = {
				BUNDLE_LOADER = "$(TEST_HOST)";
				CODE_SIGN_STYLE = Automatic;
				CURRENT_PROJECT_VERSION = 1;
				GENERATE_INFOPLIST_FILE = YES;
				IPHONEOS_DEPLOYMENT_TARGET = 18.5;
				MARKETING_VERSION = 1.0;
				PRODUCT_BUNDLE_IDENTIFIER = "com.microeditionbiz.BTC-RadarTests";
				PRODUCT_NAME = "$(TARGET_NAME)";
				SWIFT_EMIT_LOC_STRINGS = NO;
				SWIFT_VERSION = 5.0;
				TARGETED_DEVICE_FAMILY = "1,2";
				TEST_HOST = "$(BUILT_PRODUCTS_DIR)/BTC Radar.app/$(BUNDLE_EXECUTABLE_FOLDER_PATH)/BTC Radar";
			};
			name = Debug;
		};
		B10206062E0704AE00088767 /* Release */ = {
			isa = XCBuildConfiguration;
			buildSettings = {
				BUNDLE_LOADER = "$(TEST_HOST)";
				CODE_SIGN_STYLE = Automatic;
				CURRENT_PROJECT_VERSION = 1;
				GENERATE_INFOPLIST_FILE = YES;
				IPHONEOS_DEPLOYMENT_TARGET = 18.5;
				MARKETING_VERSION = 1.0;
				PRODUCT_BUNDLE_IDENTIFIER = "com.microeditionbiz.BTC-RadarTests";
				PRODUCT_NAME = "$(TARGET_NAME)";
				SWIFT_EMIT_LOC_STRINGS = NO;
				SWIFT_VERSION = 5.0;
				TARGETED_DEVICE_FAMILY = "1,2";
				TEST_HOST = "$(BUILT_PRODUCTS_DIR)/BTC Radar.app/$(BUNDLE_EXECUTABLE_FOLDER_PATH)/BTC Radar";
			};
			name = Release;
		};
		B10206082E0704AE00088767 /* Debug */ = {
			isa = XCBuildConfiguration;
			buildSettings = {
				CODE_SIGN_STYLE = Automatic;
				CURRENT_PROJECT_VERSION = 1;
				GENERATE_INFOPLIST_FILE = YES;
				MARKETING_VERSION = 1.0;
				PRODUCT_BUNDLE_IDENTIFIER = "com.microeditionbiz.BTC-RadarUITests";
				PRODUCT_NAME = "$(TARGET_NAME)";
				SWIFT_EMIT_LOC_STRINGS = NO;
				SWIFT_VERSION = 5.0;
				TARGETED_DEVICE_FAMILY = "1,2";
				TEST_TARGET_NAME = "BTC Radar";
			};
			name = Debug;
		};
		B10206092E0704AE00088767 /* Release */ = {
			isa = XCBuildConfiguration;
			buildSettings = {
				CODE_SIGN_STYLE = Automatic;
				CURRENT_PROJECT_VERSION = 1;
				GENERATE_INFOPLIST_FILE = YES;
				MARKETING_VERSION = 1.0;
				PRODUCT_BUNDLE_IDENTIFIER = "com.microeditionbiz.BTC-RadarUITests";
				PRODUCT_NAME = "$(TARGET_NAME)";
				SWIFT_EMIT_LOC_STRINGS = NO;
				SWIFT_VERSION = 5.0;
				TARGETED_DEVICE_FAMILY = "1,2";
				TEST_TARGET_NAME = "BTC Radar";
			};
			name = Release;
		};
/* End XCBuildConfiguration section */

/* Begin XCConfigurationList section */
		B10205DB2E0704AC00088767 /* Build configuration list for PBXProject "BTC Radar" */ = {
			isa = XCConfigurationList;
			buildConfigurations = (
				B10205FF2E0704AE00088767 /* Debug */,
				B10206002E0704AE00088767 /* Release */,
			);
			defaultConfigurationIsVisible = 0;
			defaultConfigurationName = Release;
		};
		B10206012E0704AE00088767 /* Build configuration list for PBXNativeTarget "BTC Radar" */ = {
			isa = XCConfigurationList;
			buildConfigurations = (
				B10206022E0704AE00088767 /* Debug */,
				B10206032E0704AE00088767 /* Release */,
			);
			defaultConfigurationIsVisible = 0;
			defaultConfigurationName = Release;
		};
		B10206042E0704AE00088767 /* Build configuration list for PBXNativeTarget "BTC RadarTests" */ = {
			isa = XCConfigurationList;
			buildConfigurations = (
				B10206052E0704AE00088767 /* Debug */,
				B10206062E0704AE00088767 /* Release */,
			);
			defaultConfigurationIsVisible = 0;
			defaultConfigurationName = Release;
		};
		B10206072E0704AE00088767 /* Build configuration list for PBXNativeTarget "BTC RadarUITests" */ = {
			isa = XCConfigurationList;
			buildConfigurations = (
				B10206082E0704AE00088767 /* Debug */,
				B10206092E0704AE00088767 /* Release */,
			);
			defaultConfigurationIsVisible = 0;
			defaultConfigurationName = Release;
		};
/* End XCConfigurationList section */

/* Begin XCSwiftPackageProductDependency section */
		B10206122E07050200088767 /* MEUI */ = {
			isa = XCSwiftPackageProductDependency;
			productName = MEUI;
		};
/* End XCSwiftPackageProductDependency section */
	};
	rootObject = B10205D82E0704AC00088767 /* Project object */;
}
